// !$*UTF8*$!
{
	archiveVersion = 1;
	classes = {
	};
	objectVersion = 56;
	objects = {

/* Begin PBXBuildFile section */
		8EAD55BC2A3ADBC1008EB2F7 /* ChatListCell.swift in Sources */ = {isa = PBXBuildFile; fileRef = 8EAD55BB2A3ADBC1008EB2F7 /* ChatListCell.swift */; };
		8EAD55BE2A3AE698008EB2F7 /* Inter-Bold.otf in Resources */ = {isa = PBXBuildFile; fileRef = 8EAD55BD2A3AE698008EB2F7 /* Inter-Bold.otf */; };
		8EAD55C02A3AE707008EB2F7 /* Inter-Medium.otf in Resources */ = {isa = PBXBuildFile; fileRef = 8EAD55BF2A3AE707008EB2F7 /* Inter-Medium.otf */; };
		8EAD55C32A3AE9AC008EB2F7 /* CHButton.swift in Sources */ = {isa = PBXBuildFile; fileRef = 8EAD55C22A3AE9AC008EB2F7 /* CHButton.swift */; };
		8EAD55C72A3AEB92008EB2F7 /* CHColors.swift in Sources */ = {isa = PBXBuildFile; fileRef = 8EAD55C62A3AEB92008EB2F7 /* CHColors.swift */; };
		8EAD55C92A3B3EA7008EB2F7 /* CHShape.swift in Sources */ = {isa = PBXBuildFile; fileRef = 8EAD55C82A3B3EA7008EB2F7 /* CHShape.swift */; };
		8EDD85632A3A3623005BC967 /* ChatScreenApp.swift in Sources */ = {isa = PBXBuildFile; fileRef = 8EDD85622A3A3623005BC967 /* ChatScreenApp.swift */; };
		8EDD85652A3A3623005BC967 /* ContentView.swift in Sources */ = {isa = PBXBuildFile; fileRef = 8EDD85642A3A3623005BC967 /* ContentView.swift */; };
		8EDD85672A3A3625005BC967 /* Assets.xcassets in Resources */ = {isa = PBXBuildFile; fileRef = 8EDD85662A3A3625005BC967 /* Assets.xcassets */; };
		8EDD856A2A3A3625005BC967 /* Preview Assets.xcassets in Resources */ = {isa = PBXBuildFile; fileRef = 8EDD85692A3A3625005BC967 /* Preview Assets.xcassets */; };
		8EDD85722A3A364B005BC967 /* ChatListView.swift in Sources */ = {isa = PBXBuildFile; fileRef = 8EDD85712A3A364B005BC967 /* ChatListView.swift */; };
		8EDD85742A3A365B005BC967 /* ChatListViewModel.swift in Sources */ = {isa = PBXBuildFile; fileRef = 8EDD85732A3A365B005BC967 /* ChatListViewModel.swift */; };
		8EDD85762A3A3678005BC967 /* ChatModel.swift in Sources */ = {isa = PBXBuildFile; fileRef = 8EDD85752A3A3678005BC967 /* ChatModel.swift */; };
/* End PBXBuildFile section */

/* Begin PBXFileReference section */
		8EAD55BB2A3ADBC1008EB2F7 /* ChatListCell.swift */ = {isa = PBXFileReference; lastKnownFileType = sourcecode.swift; path = ChatListCell.swift; sourceTree = "<group>"; };
		8EAD55BD2A3AE698008EB2F7 /* Inter-Bold.otf */ = {isa = PBXFileReference; lastKnownFileType = file; path = "Inter-Bold.otf"; sourceTree = "<group>"; };
		8EAD55BF2A3AE707008EB2F7 /* Inter-Medium.otf */ = {isa = PBXFileReference; lastKnownFileType = file; path = "Inter-Medium.otf"; sourceTree = "<group>"; };
		8EAD55C22A3AE9AC008EB2F7 /* CHButton.swift */ = {isa = PBXFileReference; lastKnownFileType = sourcecode.swift; path = CHButton.swift; sourceTree = "<group>"; };
		8EAD55C62A3AEB92008EB2F7 /* CHColors.swift */ = {isa = PBXFileReference; lastKnownFileType = sourcecode.swift; path = CHColors.swift; sourceTree = "<group>"; };
		8EAD55C82A3B3EA7008EB2F7 /* CHShape.swift */ = {isa = PBXFileReference; lastKnownFileType = sourcecode.swift; path = CHShape.swift; sourceTree = "<group>"; };
		8EDD855F2A3A3623005BC967 /* ChatScreen.app */ = {isa = PBXFileReference; explicitFileType = wrapper.application; includeInIndex = 0; path = ChatScreen.app; sourceTree = BUILT_PRODUCTS_DIR; };
		8EDD85622A3A3623005BC967 /* ChatScreenApp.swift */ = {isa = PBXFileReference; lastKnownFileType = sourcecode.swift; path = ChatScreenApp.swift; sourceTree = "<group>"; };
		8EDD85642A3A3623005BC967 /* ContentView.swift */ = {isa = PBXFileReference; lastKnownFileType = sourcecode.swift; path = ContentView.swift; sourceTree = "<group>"; };
		8EDD85662A3A3625005BC967 /* Assets.xcassets */ = {isa = PBXFileReference; lastKnownFileType = folder.assetcatalog; path = Assets.xcassets; sourceTree = "<group>"; };
		8EDD85692A3A3625005BC967 /* Preview Assets.xcassets */ = {isa = PBXFileReference; lastKnownFileType = folder.assetcatalog; path = "Preview Assets.xcassets"; sourceTree = "<group>"; };
		8EDD85712A3A364B005BC967 /* ChatListView.swift */ = {isa = PBXFileReference; lastKnownFileType = sourcecode.swift; path = ChatListView.swift; sourceTree = "<group>"; };
		8EDD85732A3A365B005BC967 /* ChatListViewModel.swift */ = {isa = PBXFileReference; lastKnownFileType = sourcecode.swift; path = ChatListViewModel.swift; sourceTree = "<group>"; };
		8EDD85752A3A3678005BC967 /* ChatModel.swift */ = {isa = PBXFileReference; lastKnownFileType = sourcecode.swift; path = ChatModel.swift; sourceTree = "<group>"; };
		8EDD857A2A3A4D4B005BC967 /* Info.plist */ = {isa = PBXFileReference; lastKnownFileType = text.plist; path = Info.plist; sourceTree = "<group>"; };
/* End PBXFileReference section */

/* Begin PBXFrameworksBuildPhase section */
		8EDD855C2A3A3623005BC967 /* Frameworks */ = {
			isa = PBXFrameworksBuildPhase;
			buildActionMask = 2147483647;
			files = (
			);
			runOnlyForDeploymentPostprocessing = 0;
		};
/* End PBXFrameworksBuildPhase section */

/* Begin PBXGroup section */
		8EAD55C12A3AE97C008EB2F7 /* CustomUI */ = {
			isa = PBXGroup;
			children = (
				8EAD55C22A3AE9AC008EB2F7 /* CHButton.swift */,
				8EAD55C82A3B3EA7008EB2F7 /* CHShape.swift */,
			);
			path = CustomUI;
			sourceTree = "<group>";
		};
		8EAD55C42A3AEADC008EB2F7 /* SupportingFiles */ = {
			isa = PBXGroup;
			children = (
				8EAD55C52A3AEAEB008EB2F7 /* Color */,
				8EDD85772A3A4C5F005BC967 /* Font */,
			);
			path = SupportingFiles;
			sourceTree = "<group>";
		};
		8EAD55C52A3AEAEB008EB2F7 /* Color */ = {
			isa = PBXGroup;
			children = (
				8EAD55C62A3AEB92008EB2F7 /* CHColors.swift */,
			);
			path = Color;
			sourceTree = "<group>";
		};
		8EDD85562A3A3623005BC967 = {
			isa = PBXGroup;
			children = (
				8EDD85612A3A3623005BC967 /* ChatScreen */,
				8EDD85602A3A3623005BC967 /* Products */,
			);
			sourceTree = "<group>";
		};
		8EDD85602A3A3623005BC967 /* Products */ = {
			isa = PBXGroup;
			children = (
				8EDD855F2A3A3623005BC967 /* ChatScreen.app */,
			);
			name = Products;
			sourceTree = "<group>";
		};
		8EDD85612A3A3623005BC967 /* ChatScreen */ = {
			isa = PBXGroup;
			children = (
				8EAD55C42A3AEADC008EB2F7 /* SupportingFiles */,
				8EAD55C12A3AE97C008EB2F7 /* CustomUI */,
				8EDD857A2A3A4D4B005BC967 /* Info.plist */,
				8EDD85702A3A362E005BC967 /* ChatScreen */,
				8EDD85622A3A3623005BC967 /* ChatScreenApp.swift */,
				8EDD85642A3A3623005BC967 /* ContentView.swift */,
				8EDD85662A3A3625005BC967 /* Assets.xcassets */,
				8EDD85682A3A3625005BC967 /* Preview Content */,
			);
			path = ChatScreen;
			sourceTree = "<group>";
		};
		8EDD85682A3A3625005BC967 /* Preview Content */ = {
			isa = PBXGroup;
			children = (
				8EDD85692A3A3625005BC967 /* Preview Assets.xcassets */,
			);
			path = "Preview Content";
			sourceTree = "<group>";
		};
		8EDD85702A3A362E005BC967 /* ChatScreen */ = {
			isa = PBXGroup;
			children = (
				8EDD85712A3A364B005BC967 /* ChatListView.swift */,
				8EDD85732A3A365B005BC967 /* ChatListViewModel.swift */,
				8EDD85752A3A3678005BC967 /* ChatModel.swift */,
				8EAD55BB2A3ADBC1008EB2F7 /* ChatListCell.swift */,
			);
			path = ChatScreen;
			sourceTree = "<group>";
		};
		8EDD85772A3A4C5F005BC967 /* Font */ = {
			isa = PBXGroup;
			children = (
				8EAD55BF2A3AE707008EB2F7 /* Inter-Medium.otf */,
				8EAD55BD2A3AE698008EB2F7 /* Inter-Bold.otf */,
			);
			path = Font;
			sourceTree = "<group>";
		};
/* End PBXGroup section */

/* Begin PBXNativeTarget section */
		8EDD855E2A3A3623005BC967 /* ChatScreen */ = {
			isa = PBXNativeTarget;
			buildConfigurationList = 8EDD856D2A3A3625005BC967 /* Build configuration list for PBXNativeTarget "ChatScreen" */;
			buildPhases = (
				8EDD855B2A3A3623005BC967 /* Sources */,
				8EDD855C2A3A3623005BC967 /* Frameworks */,
				8EDD855D2A3A3623005BC967 /* Resources */,
			);
			buildRules = (
			);
			dependencies = (
			);
			name = ChatScreen;
			productName = ChatScreen;
			productReference = 8EDD855F2A3A3623005BC967 /* ChatScreen.app */;
			productType = "com.apple.product-type.application";
		};
/* End PBXNativeTarget section */

/* Begin PBXProject section */
		8EDD85572A3A3623005BC967 /* Project object */ = {
			isa = PBXProject;
			attributes = {
				BuildIndependentTargetsInParallel = 1;
				LastSwiftUpdateCheck = 1430;
				LastUpgradeCheck = 1430;
				TargetAttributes = {
					8EDD855E2A3A3623005BC967 = {
						CreatedOnToolsVersion = 14.3;
					};
				};
			};
			buildConfigurationList = 8EDD855A2A3A3623005BC967 /* Build configuration list for PBXProject "ChatScreen" */;
			compatibilityVersion = "Xcode 14.0";
			developmentRegion = en;
			hasScannedForEncodings = 0;
			knownRegions = (
				en,
				Base,
			);
			mainGroup = 8EDD85562A3A3623005BC967;
			productRefGroup = 8EDD85602A3A3623005BC967 /* Products */;
			projectDirPath = "";
			projectRoot = "";
			targets = (
				8EDD855E2A3A3623005BC967 /* ChatScreen */,
			);
		};
/* End PBXProject section */

/* Begin PBXResourcesBuildPhase section */
		8EDD855D2A3A3623005BC967 /* Resources */ = {
			isa = PBXResourcesBuildPhase;
			buildActionMask = 2147483647;
			files = (
				8EDD856A2A3A3625005BC967 /* Preview Assets.xcassets in Resources */,
				8EDD85672A3A3625005BC967 /* Assets.xcassets in Resources */,
				8EAD55BE2A3AE698008EB2F7 /* Inter-Bold.otf in Resources */,
				8EAD55C02A3AE707008EB2F7 /* Inter-Medium.otf in Resources */,
			);
			runOnlyForDeploymentPostprocessing = 0;
		};
/* End PBXResourcesBuildPhase section */

/* Begin PBXSourcesBuildPhase section */
		8EDD855B2A3A3623005BC967 /* Sources */ = {
			isa = PBXSourcesBuildPhase;
			buildActionMask = 2147483647;
			files = (
				8EAD55C32A3AE9AC008EB2F7 /* CHButton.swift in Sources */,
				8EDD85762A3A3678005BC967 /* ChatModel.swift in Sources */,
				8EDD85652A3A3623005BC967 /* ContentView.swift in Sources */,
				8EDD85722A3A364B005BC967 /* ChatListView.swift in Sources */,
				8EAD55C92A3B3EA7008EB2F7 /* CHShape.swift in Sources */,
				8EAD55BC2A3ADBC1008EB2F7 /* ChatListCell.swift in Sources */,
				8EDD85742A3A365B005BC967 /* ChatListViewModel.swift in Sources */,
				8EAD55C72A3AEB92008EB2F7 /* CHColors.swift in Sources */,
				8EDD85632A3A3623005BC967 /* ChatScreenApp.swift in Sources */,
			);
			runOnlyForDeploymentPostprocessing = 0;
		};
/* End PBXSourcesBuildPhase section */

/* Begin XCBuildConfiguration section */
		8EDD856B2A3A3625005BC967 /* Debug */ = {
			isa = XCBuildConfiguration;
			buildSettings = {
				ALWAYS_SEARCH_USER_PATHS = NO;
				CLANG_ANALYZER_NONNULL = YES;
				CLANG_ANALYZER_NUMBER_OBJECT_CONVERSION = YES_AGGRESSIVE;
				CLANG_CXX_LANGUAGE_STANDARD = "gnu++20";
				CLANG_ENABLE_MODULES = YES;
				CLANG_ENABLE_OBJC_ARC = YES;
				CLANG_ENABLE_OBJC_WEAK = YES;
				CLANG_WARN_BLOCK_CAPTURE_AUTORELEASING = YES;
				CLANG_WARN_BOOL_CONVERSION = YES;
				CLANG_WARN_COMMA = YES;
				CLANG_WARN_CONSTANT_CONVERSION = YES;
				CLANG_WARN_DEPRECATED_OBJC_IMPLEMENTATIONS = YES;
				CLANG_WARN_DIRECT_OBJC_ISA_USAGE = YES_ERROR;
				CLANG_WARN_DOCUMENTATION_COMMENTS = YES;
				CLANG_WARN_EMPTY_BODY = YES;
				CLANG_WARN_ENUM_CONVERSION = YES;
				CLANG_WARN_INFINITE_RECURSION = YES;
				CLANG_WARN_INT_CONVERSION = YES;
				CLANG_WARN_NON_LITERAL_NULL_CONVERSION = YES;
				CLANG_WARN_OBJC_IMPLICIT_RETAIN_SELF = YES;
				CLANG_WARN_OBJC_LITERAL_CONVERSION = YES;
				CLANG_WARN_OBJC_ROOT_CLASS = YES_ERROR;
				CLANG_WARN_QUOTED_INCLUDE_IN_FRAMEWORK_HEADER = YES;
				CLANG_WARN_RANGE_LOOP_ANALYSIS = YES;
				CLANG_WARN_STRICT_PROTOTYPES = YES;
				CLANG_WARN_SUSPICIOUS_MOVE = YES;
				CLANG_WARN_UNGUARDED_AVAILABILITY = YES_AGGRESSIVE;
				CLANG_WARN_UNREACHABLE_CODE = YES;
				CLANG_WARN__DUPLICATE_METHOD_MATCH = YES;
				COPY_PHASE_STRIP = NO;
				DEBUG_INFORMATION_FORMAT = dwarf;
				ENABLE_STRICT_OBJC_MSGSEND = YES;
				ENABLE_TESTABILITY = YES;
				GCC_C_LANGUAGE_STANDARD = gnu11;
				GCC_DYNAMIC_NO_PIC = NO;
				GCC_NO_COMMON_BLOCKS = YES;
				GCC_OPTIMIZATION_LEVEL = 0;
				GCC_PREPROCESSOR_DEFINITIONS = (
					"DEBUG=1",
					"$(inherited)",
				);
				GCC_WARN_64_TO_32_BIT_CONVERSION = YES;
				GCC_WARN_ABOUT_RETURN_TYPE = YES_ERROR;
				GCC_WARN_UNDECLARED_SELECTOR = YES;
				GCC_WARN_UNINITIALIZED_AUTOS = YES_AGGRESSIVE;
				GCC_WARN_UNUSED_FUNCTION = YES;
				GCC_WARN_UNUSED_VARIABLE = YES;
				IPHONEOS_DEPLOYMENT_TARGET = 16.4;
				MTL_ENABLE_DEBUG_INFO = INCLUDE_SOURCE;
				MTL_FAST_MATH = YES;
				ONLY_ACTIVE_ARCH = YES;
				SDKROOT = iphoneos;
				SWIFT_ACTIVE_COMPILATION_CONDITIONS = DEBUG;
				SWIFT_OPTIMIZATION_LEVEL = "-Onone";
			};
			name = Debug;
		};
		8EDD856C2A3A3625005BC967 /* Release */ = {
			isa = XCBuildConfiguration;
			buildSettings = {
				ALWAYS_SEARCH_USER_PATHS = NO;
				CLANG_ANALYZER_NONNULL = YES;
				CLANG_ANALYZER_NUMBER_OBJECT_CONVERSION = YES_AGGRESSIVE;
				CLANG_CXX_LANGUAGE_STANDARD = "gnu++20";
				CLANG_ENABLE_MODULES = YES;
				CLANG_ENABLE_OBJC_ARC = YES;
				CLANG_ENABLE_OBJC_WEAK = YES;
				CLANG_WARN_BLOCK_CAPTURE_AUTORELEASING = YES;
				CLANG_WARN_BOOL_CONVERSION = YES;
				CLANG_WARN_COMMA = YES;
				CLANG_WARN_CONSTANT_CONVERSION = YES;
				CLANG_WARN_DEPRECATED_OBJC_IMPLEMENTATIONS = YES;
				CLANG_WARN_DIRECT_OBJC_ISA_USAGE = YES_ERROR;
				CLANG_WARN_DOCUMENTATION_COMMENTS = YES;
				CLANG_WARN_EMPTY_BODY = YES;
				CLANG_WARN_ENUM_CONVERSION = YES;
				CLANG_WARN_INFINITE_RECURSION = YES;
				CLANG_WARN_INT_CONVERSION = YES;
				CLANG_WARN_NON_LITERAL_NULL_CONVERSION = YES;
				CLANG_WARN_OBJC_IMPLICIT_RETAIN_SELF = YES;
				CLANG_WARN_OBJC_LITERAL_CONVERSION = YES;
				CLANG_WARN_OBJC_ROOT_CLASS = YES_ERROR;
				CLANG_WARN_QUOTED_INCLUDE_IN_FRAMEWORK_HEADER = YES;
				CLANG_WARN_RANGE_LOOP_ANALYSIS = YES;
				CLANG_WARN_STRICT_PROTOTYPES = YES;
				CLANG_WARN_SUSPICIOUS_MOVE = YES;
				CLANG_WARN_UNGUARDED_AVAILABILITY = YES_AGGRESSIVE;
				CLANG_WARN_UNREACHABLE_CODE = YES;
				CLANG_WARN__DUPLICATE_METHOD_MATCH = YES;
				COPY_PHASE_STRIP = NO;
				DEBUG_INFORMATION_FORMAT = "dwarf-with-dsym";
				ENABLE_NS_ASSERTIONS = NO;
				ENABLE_STRICT_OBJC_MSGSEND = YES;
				GCC_C_LANGUAGE_STANDARD = gnu11;
				GCC_NO_COMMON_BLOCKS = YES;
				GCC_WARN_64_TO_32_BIT_CONVERSION = YES;
				GCC_WARN_ABOUT_RETURN_TYPE = YES_ERROR;
				GCC_WARN_UNDECLARED_SELECTOR = YES;
				GCC_WARN_UNINITIALIZED_AUTOS = YES_AGGRESSIVE;
				GCC_WARN_UNUSED_FUNCTION = YES;
				GCC_WARN_UNUSED_VARIABLE = YES;
				IPHONEOS_DEPLOYMENT_TARGET = 16.4;
				MTL_ENABLE_DEBUG_INFO = NO;
				MTL_FAST_MATH = YES;
				SDKROOT = iphoneos;
				SWIFT_COMPILATION_MODE = wholemodule;
				SWIFT_OPTIMIZATION_LEVEL = "-O";
				VALIDATE_PRODUCT = YES;
			};
			name = Release;
		};
		8EDD856E2A3A3625005BC967 /* Debug */ = {
			isa = XCBuildConfiguration;
			buildSettings = {
				ASSETCATALOG_COMPILER_APPICON_NAME = AppIcon;
				ASSETCATALOG_COMPILER_GLOBAL_ACCENT_COLOR_NAME = AccentColor;
				CODE_SIGN_STYLE = Automatic;
				CURRENT_PROJECT_VERSION = 1;
				DEVELOPMENT_ASSET_PATHS = "\"ChatScreen/Preview Content\"";
				DEVELOPMENT_TEAM = 5L6T5E85XQ;
				ENABLE_PREVIEWS = YES;
				GENERATE_INFOPLIST_FILE = YES;
				INFOPLIST_FILE = ChatScreen/Info.plist;
				INFOPLIST_KEY_UIApplicationSceneManifest_Generation = YES;
				INFOPLIST_KEY_UIApplicationSupportsIndirectInputEvents = YES;
				INFOPLIST_KEY_UILaunchScreen_Generation = YES;
				INFOPLIST_KEY_UISupportedInterfaceOrientations_iPad = "UIInterfaceOrientationPortrait UIInterfaceOrientationPortraitUpsideDown UIInterfaceOrientationLandscapeLeft UIInterfaceOrientationLandscapeRight";
				INFOPLIST_KEY_UISupportedInterfaceOrientations_iPhone = "UIInterfaceOrientationPortrait UIInterfaceOrientationLandscapeLeft UIInterfaceOrientationLandscapeRight";
				IPHONEOS_DEPLOYMENT_TARGET = 15.0;
				LD_RUNPATH_SEARCH_PATHS = (
					"$(inherited)",
					"@executable_path/Frameworks",
				);
				MARKETING_VERSION = 1.0;
				PRODUCT_BUNDLE_IDENTIFIER = com.com.sudeb;
				PRODUCT_NAME = "$(TARGET_NAME)";
				SWIFT_EMIT_LOC_STRINGS = YES;
				SWIFT_VERSION = 5.0;
				TARGETED_DEVICE_FAMILY = "1,2";
			};
			name = Debug;
		};
		8EDD856F2A3A3625005BC967 /* Release */ = {
			isa = XCBuildConfiguration;
			buildSettings = {
				ASSETCATALOG_COMPILER_APPICON_NAME = AppIcon;
				ASSETCATALOG_COMPILER_GLOBAL_ACCENT_COLOR_NAME = AccentColor;
				CODE_SIGN_STYLE = Automatic;
				CURRENT_PROJECT_VERSION = 1;
				DEVELOPMENT_ASSET_PATHS = "\"ChatScreen/Preview Content\"";
				DEVELOPMENT_TEAM = 5L6T5E85XQ;
				ENABLE_PREVIEWS = YES;
				GENERATE_INFOPLIST_FILE = YES;
				INFOPLIST_FILE = ChatScreen/Info.plist;
				INFOPLIST_KEY_UIApplicationSceneManifest_Generation = YES;
				INFOPLIST_KEY_UIApplicationSupportsIndirectInputEvents = YES;
				INFOPLIST_KEY_UILaunchScreen_Generation = YES;
				INFOPLIST_KEY_UISupportedInterfaceOrientations_iPad = "UIInterfaceOrientationPortrait UIInterfaceOrientationPortraitUpsideDown UIInterfaceOrientationLandscapeLeft UIInterfaceOrientationLandscapeRight";
				INFOPLIST_KEY_UISupportedInterfaceOrientations_iPhone = "UIInterfaceOrientationPortrait UIInterfaceOrientationLandscapeLeft UIInterfaceOrientationLandscapeRight";
				IPHONEOS_DEPLOYMENT_TARGET = 15.0;
				LD_RUNPATH_SEARCH_PATHS = (
					"$(inherited)",
					"@executable_path/Frameworks",
				);
				MARKETING_VERSION = 1.0;
				PRODUCT_BUNDLE_IDENTIFIER = com.com.sudeb;
				PRODUCT_NAME = "$(TARGET_NAME)";
				SWIFT_EMIT_LOC_STRINGS = YES;
				SWIFT_VERSION = 5.0;
				TARGETED_DEVICE_FAMILY = "1,2";
			};
			name = Release;
		};
/* End XCBuildConfiguration section */

/* Begin XCConfigurationList section */
		8EDD855A2A3A3623005BC967 /* Build configuration list for PBXProject "ChatScreen" */ = {
			isa = XCConfigurationList;
			buildConfigurations = (
				8EDD856B2A3A3625005BC967 /* Debug */,
				8EDD856C2A3A3625005BC967 /* Release */,
			);
			defaultConfigurationIsVisible = 0;
			defaultConfigurationName = Release;
		};
		8EDD856D2A3A3625005BC967 /* Build configuration list for PBXNativeTarget "ChatScreen" */ = {
			isa = XCConfigurationList;
			buildConfigurations = (
				8EDD856E2A3A3625005BC967 /* Debug */,
				8EDD856F2A3A3625005BC967 /* Release */,
			);
			defaultConfigurationIsVisible = 0;
			defaultConfigurationName = Release;
		};
/* End XCConfigurationList section */
	};
	rootObject = 8EDD85572A3A3623005BC967 /* Project object */;
}
